
Microsoft Visual Studio Solution File, Format Version 12.00
# Visual Studio Version 17
VisualStudioVersion = 17.4.33122.133
MinimumVisualStudioVersion = 10.0.40219.1
Project("{FAE04EC0-301F-11D3-BF4B-00C04F79EFBC}") = "Task4", "Task4.csproj", "{F2B0BC87-3891-4835-AD1C-7A22392B0ACE}"
EndProject
Global
	GlobalSection(SolutionConfigurationPlatforms) = preSolution
		Debug|Any CPU = Debug|Any CPU
		Release|Any CPU = Release|Any CPU
	EndGlobalSection
	GlobalSection(ProjectConfigurationPlatforms) = postSolution
		{F2B0BC87-3891-4835-AD1C-7A22392B0ACE}.Debug|Any CPU.ActiveCfg = Debug|Any CPU
		{F2B0BC87-3891-4835-AD1C-7A22392B0ACE}.Debug|Any CPU.Build.0 = Debug|Any CPU
		{F2B0BC87-3891-4835-AD1C-7A22392B0ACE}.Release|Any CPU.ActiveCfg = Release|Any CPU
		{F2B0BC87-3891-4835-AD1C-7A22392B0ACE}.Release|Any CPU.Build.0 = Release|Any CPU
	EndGlobalSection
	GlobalSection(SolutionProperties) = preSolution
		HideSolutionNode = FALSE
	EndGlobalSection
	GlobalSection(ExtensibilityGlobals) = postSolution
		SolutionGuid = {6386462A-75A8-4827-BC57-5ABA9155C183}
	EndGlobalSection
EndGlobal
