
Microsoft Visual Studio Solution File, Format Version 12.00
# Visual Studio Version 17
VisualStudioVersion = 17.4.33122.133
MinimumVisualStudioVersion = 10.0.40219.1
Project("{FAE04EC0-301F-11D3-BF4B-00C04F79EFBC}") = "CalorieCounter2", "CalorieCounter2.csproj", "{66F0235D-F662-4F30-AD2C-5653969BCE2B}"
EndProject
Global
	GlobalSection(SolutionConfigurationPlatforms) = preSolution
		Debug|Any CPU = Debug|Any CPU
		Release|Any CPU = Release|Any CPU
	EndGlobalSection
	GlobalSection(ProjectConfigurationPlatforms) = postSolution
		{66F0235D-F662-4F30-AD2C-5653969BCE2B}.Debug|Any CPU.ActiveCfg = Debug|Any CPU
		{66F0235D-F662-4F30-AD2C-5653969BCE2B}.Debug|Any CPU.Build.0 = Debug|Any CPU
		{66F0235D-F662-4F30-AD2C-5653969BCE2B}.Release|Any CPU.ActiveCfg = Release|Any CPU
		{66F0235D-F662-4F30-AD2C-5653969BCE2B}.Release|Any CPU.Build.0 = Release|Any CPU
	EndGlobalSection
	GlobalSection(SolutionProperties) = preSolution
		HideSolutionNode = FALSE
	EndGlobalSection
	GlobalSection(ExtensibilityGlobals) = postSolution
		SolutionGuid = {B8EA7001-7F89-4AEF-A846-49EF63493874}
	EndGlobalSection
EndGlobal
