
Microsoft Visual Studio Solution File, Format Version 12.00
# Visual Studio Version 17
VisualStudioVersion = 17.4.33122.133
MinimumVisualStudioVersion = 10.0.40219.1
Project("{FAE04EC0-301F-11D3-BF4B-00C04F79EFBC}") = "Task7", "Task7.csproj", "{218999CC-2581-4E6C-B581-B4A993CEBC71}"
EndProject
Global
	GlobalSection(SolutionConfigurationPlatforms) = preSolution
		Debug|Any CPU = Debug|Any CPU
		Release|Any CPU = Release|Any CPU
	EndGlobalSection
	GlobalSection(ProjectConfigurationPlatforms) = postSolution
		{218999CC-2581-4E6C-B581-B4A993CEBC71}.Debug|Any CPU.ActiveCfg = Debug|Any CPU
		{218999CC-2581-4E6C-B581-B4A993CEBC71}.Debug|Any CPU.Build.0 = Debug|Any CPU
		{218999CC-2581-4E6C-B581-B4A993CEBC71}.Release|Any CPU.ActiveCfg = Release|Any CPU
		{218999CC-2581-4E6C-B581-B4A993CEBC71}.Release|Any CPU.Build.0 = Release|Any CPU
	EndGlobalSection
	GlobalSection(SolutionProperties) = preSolution
		HideSolutionNode = FALSE
	EndGlobalSection
	GlobalSection(ExtensibilityGlobals) = postSolution
		SolutionGuid = {8256AEC3-1E43-4B6B-96C0-1FFD61A75FB9}
	EndGlobalSection
EndGlobal
