
Microsoft Visual Studio Solution File, Format Version 12.00
# Visual Studio Version 17
VisualStudioVersion = 17.4.33122.133
MinimumVisualStudioVersion = 10.0.40219.1
Project("{FAE04EC0-301F-11D3-BF4B-00C04F79EFBC}") = "Task8", "Task8.csproj", "{0935DCF8-248E-4A48-A677-B72FD4F117C7}"
EndProject
Global
	GlobalSection(SolutionConfigurationPlatforms) = preSolution
		Debug|Any CPU = Debug|Any CPU
		Release|Any CPU = Release|Any CPU
	EndGlobalSection
	GlobalSection(ProjectConfigurationPlatforms) = postSolution
		{0935DCF8-248E-4A48-A677-B72FD4F117C7}.Debug|Any CPU.ActiveCfg = Debug|Any CPU
		{0935DCF8-248E-4A48-A677-B72FD4F117C7}.Debug|Any CPU.Build.0 = Debug|Any CPU
		{0935DCF8-248E-4A48-A677-B72FD4F117C7}.Release|Any CPU.ActiveCfg = Release|Any CPU
		{0935DCF8-248E-4A48-A677-B72FD4F117C7}.Release|Any CPU.Build.0 = Release|Any CPU
	EndGlobalSection
	GlobalSection(SolutionProperties) = preSolution
		HideSolutionNode = FALSE
	EndGlobalSection
	GlobalSection(ExtensibilityGlobals) = postSolution
		SolutionGuid = {0B0373D7-741A-4B16-97C3-4798B39AC4EB}
	EndGlobalSection
EndGlobal
